
Microsoft Visual Studio Solution File, Format Version 12.00
# Visual Studio Version 17
VisualStudioVersion = 17.10.35004.147
MinimumVisualStudioVersion = 10.0.40219.1
Project("{9A19103F-16F7-4668-BE54-9A1E7A4F7556}") = "WeatherFunctionApp", "WeatherFunctionApp\WeatherFunctionApp.csproj", "{8E760AB5-F564-421A-8CC5-1485D2864A6F}"
EndProject
Project("{9A19103F-16F7-4668-BE54-9A1E7A4F7556}") = "WeatherWebApplication", "WeatherWebApplication\WeatherWebApplication.csproj", "{1F309057-3079-46BB-BB50-5DA64F760AC4}"
EndProject
Global
	GlobalSection(SolutionConfigurationPlatforms) = preSolution
		Debug|Any CPU = Debug|Any CPU
		Release|Any CPU = Release|Any CPU
	EndGlobalSection
	GlobalSection(ProjectConfigurationPlatforms) = postSolution
		{8E760AB5-F564-421A-8CC5-1485D2864A6F}.Debug|Any CPU.ActiveCfg = Debug|Any CPU
		{8E760AB5-F564-421A-8CC5-1485D2864A6F}.Debug|Any CPU.Build.0 = Debug|Any CPU
		{8E760AB5-F564-421A-8CC5-1485D2864A6F}.Release|Any CPU.ActiveCfg = Release|Any CPU
		{8E760AB5-F564-421A-8CC5-1485D2864A6F}.Release|Any CPU.Build.0 = Release|Any CPU
		{1F309057-3079-46BB-BB50-5DA64F760AC4}.Debug|Any CPU.ActiveCfg = Debug|Any CPU
		{1F309057-3079-46BB-BB50-5DA64F760AC4}.Debug|Any CPU.Build.0 = Debug|Any CPU
		{1F309057-3079-46BB-BB50-5DA64F760AC4}.Release|Any CPU.ActiveCfg = Release|Any CPU
		{1F309057-3079-46BB-BB50-5DA64F760AC4}.Release|Any CPU.Build.0 = Release|Any CPU
	EndGlobalSection
	GlobalSection(SolutionProperties) = preSolution
		HideSolutionNode = FALSE
	EndGlobalSection
	GlobalSection(ExtensibilityGlobals) = postSolution
		SolutionGuid = {59AE4AAE-2EB1-4C23-82A3-B1A9C36164E0}
	EndGlobalSection
EndGlobal
